
Microsoft Visual Studio Solution File, Format Version 12.00
# Visual Studio 2012
Project("{2150E333-8FDC-42A3-9474-1A3956D46DE8}") = "Plugins", "Plugins", "{3ABA3B5C-D87F-438F-9236-B72D7D79A6D2}"
EndProject
Project("{2150E333-8FDC-42A3-9474-1A3956D46DE8}") = "Tests", "Tests", "{F2573F32-4636-4018-B94E-6C27CA5B96EA}"
EndProject
Project("{2150E333-8FDC-42A3-9474-1A3956D46DE8}") = "Common", "Common", "{EEC5DB4D-2BFB-4987-B94D-A5402548BABF}"
EndProject
Project("{2150E333-8FDC-42A3-9474-1A3956D46DE8}") = "Tools", "Tools", "{36447D71-3713-4528-8E4C-11243A00E11D}"
EndProject
Project("{2150E333-8FDC-42A3-9474-1A3956D46DE8}") = "dll", "dll", "{75006D89-460D-4F00-AEB6-C4665E3BAE3C}"
EndProject
Project("{2150E333-8FDC-42A3-9474-1A3956D46DE8}") = "lib", "lib", "{8E76E15A-7B1F-4920-9C35-B803E016B281}"
EndProject
Project("{8BC9CEB8-8B4A-11D0-8D11-00A0C91BC942}") = "CommonSync", "common\CommonSync\Common.vcxproj", "{F61B301A-BA8A-4848-AF98-CF85373FA12E}"
EndProject
Project("{8BC9CEB8-8B4A-11D0-8D11-00A0C91BC942}") = "Protocols", "common\proto\Protocols.vcxproj", "{85142EBF-E20A-4D53-B391-DE25047EDBBE}"
EndProject
Project("{8BC9CEB8-8B4A-11D0-8D11-00A0C91BC942}") = "Kernel", "kernel\Kernel\Kernel.vcxproj", "{64DD4A09-EFE9-47D1-8BF0-A8FA226A13B0}"
EndProject
Project("{8BC9CEB8-8B4A-11D0-8D11-00A0C91BC942}") = "DataBaseTools", "common\DataBaseTools\DataBaseTools.vcxproj", "{725C0A86-731A-4D80-87EB-492CF4AB7B3A}"
EndProject
Project("{8BC9CEB8-8B4A-11D0-8D11-00A0C91BC942}") = "UdpTest", "test\UdpTest\UdpTest.vcxproj", "{0F299AA9-FF7C-4B00-AA1F-EB7F83345F68}"
EndProject
Project("{8BC9CEB8-8B4A-11D0-8D11-00A0C91BC942}") = "Settings", "plugins\Settings\Settings.vcxproj", "{F27B48FA-CE21-4519-8437-10E9F9957981}"
EndProject
Project("{8BC9CEB8-8B4A-11D0-8D11-00A0C91BC942}") = "DataBase", "plugins\DataBase\DataBase.vcxproj", "{255CE1AE-823C-4FA9-B51E-A16612FBC541}"
EndProject
Project("{8BC9CEB8-8B4A-11D0-8D11-00A0C91BC942}") = "Network", "plugins\Network\Network.vcxproj", "{8339D35B-45EE-43DB-B790-E457D16A3EC3}"
EndProject
Project("{8BC9CEB8-8B4A-11D0-8D11-00A0C91BC942}") = "Events", "plugins\Events\Events.vcxproj", "{7D1F4AAB-EA62-4860-8F1C-C9217F5BCA2A}"
EndProject
Project("{8BC9CEB8-8B4A-11D0-8D11-00A0C91BC942}") = "DBCompiler", "tools\DBCompiler\DBCompiler.vcxproj", "{507E461C-AD31-4ADA-8AD0-04EB76424D7B}"
EndProject
Project("{8BC9CEB8-8B4A-11D0-8D11-00A0C91BC942}") = "UDPClient", "test\UDPClient\UDPClient.vcxproj", "{F967B5AC-C896-4423-A17A-3BA7E9117E41}"
EndProject
Project("{8BC9CEB8-8B4A-11D0-8D11-00A0C91BC942}") = "UDPServer", "test\UDPServer\UDPServer.vcxproj", "{CE380FEF-3286-4F2B-9DF8-A2EF13E9110A}"
EndProject
Project("{8BC9CEB8-8B4A-11D0-8D11-00A0C91BC942}") = "StaticSettings", "plugins\Settings\StaticSettings.vcxproj", "{475FB8CE-740F-428B-8E5A-96F3EF657C78}"
EndProject
Project("{8BC9CEB8-8B4A-11D0-8D11-00A0C91BC942}") = "StaticNetwork", "plugins\Network\StaticNetwork.vcxproj", "{32133C47-2DCC-4654-9B64-393A12835D9E}"
EndProject
Project("{8BC9CEB8-8B4A-11D0-8D11-00A0C91BC942}") = "StaticEvents", "plugins\Events\StaticEvents.vcxproj", "{41D15513-1512-46DA-BAF2-D0ECC34849A2}"
EndProject
Project("{8BC9CEB8-8B4A-11D0-8D11-00A0C91BC942}") = "StaticDataBase", "plugins\DataBase\StaticDataBase.vcxproj", "{78B34B3E-910F-4176-8074-2ADF2CE3A841}"
EndProject
Global
	GlobalSection(SolutionConfigurationPlatforms) = preSolution
		Debug_vc110|Win32 = Debug_vc110|Win32
		Debug_vc90|Win32 = Debug_vc90|Win32
		Release_vc110|Win32 = Release_vc110|Win32
		Release_vc90|Win32 = Release_vc90|Win32
	EndGlobalSection
	GlobalSection(ProjectConfigurationPlatforms) = postSolution
		{0F299AA9-FF7C-4B00-AA1F-EB7F83345F68}.Debug_vc110|Win32.ActiveCfg = Debug_vc110|Win32
		{0F299AA9-FF7C-4B00-AA1F-EB7F83345F68}.Debug_vc110|Win32.Build.0 = Debug_vc110|Win32
		{0F299AA9-FF7C-4B00-AA1F-EB7F83345F68}.Debug_vc90|Win32.ActiveCfg = Debug_vc90|Win32
		{0F299AA9-FF7C-4B00-AA1F-EB7F83345F68}.Debug_vc90|Win32.Build.0 = Debug_vc90|Win32
		{0F299AA9-FF7C-4B00-AA1F-EB7F83345F68}.Release_vc110|Win32.ActiveCfg = Release_vc110|Win32
		{0F299AA9-FF7C-4B00-AA1F-EB7F83345F68}.Release_vc110|Win32.Build.0 = Release_vc110|Win32
		{0F299AA9-FF7C-4B00-AA1F-EB7F83345F68}.Release_vc90|Win32.ActiveCfg = Release_vc90|Win32
		{0F299AA9-FF7C-4B00-AA1F-EB7F83345F68}.Release_vc90|Win32.Build.0 = Release_vc90|Win32
		{255CE1AE-823C-4FA9-B51E-A16612FBC541}.Debug_vc110|Win32.ActiveCfg = Debug_vc110|Win32
		{255CE1AE-823C-4FA9-B51E-A16612FBC541}.Debug_vc110|Win32.Build.0 = Debug_vc110|Win32
		{255CE1AE-823C-4FA9-B51E-A16612FBC541}.Debug_vc90|Win32.ActiveCfg = Debug_vc90|Win32
		{255CE1AE-823C-4FA9-B51E-A16612FBC541}.Debug_vc90|Win32.Build.0 = Debug_vc90|Win32
		{255CE1AE-823C-4FA9-B51E-A16612FBC541}.Release_vc110|Win32.ActiveCfg = Release_vc110|Win32
		{255CE1AE-823C-4FA9-B51E-A16612FBC541}.Release_vc110|Win32.Build.0 = Release_vc110|Win32
		{255CE1AE-823C-4FA9-B51E-A16612FBC541}.Release_vc90|Win32.ActiveCfg = Release_vc90|Win32
		{255CE1AE-823C-4FA9-B51E-A16612FBC541}.Release_vc90|Win32.Build.0 = Release_vc90|Win32
		{32133C47-2DCC-4654-9B64-393A12835D9E}.Debug_vc110|Win32.ActiveCfg = Debug_vc110|Win32
		{32133C47-2DCC-4654-9B64-393A12835D9E}.Debug_vc110|Win32.Build.0 = Debug_vc110|Win32
		{32133C47-2DCC-4654-9B64-393A12835D9E}.Debug_vc90|Win32.ActiveCfg = Debug_vc90|Win32
		{32133C47-2DCC-4654-9B64-393A12835D9E}.Debug_vc90|Win32.Build.0 = Debug_vc90|Win32
		{32133C47-2DCC-4654-9B64-393A12835D9E}.Release_vc110|Win32.ActiveCfg = Release_vc110|Win32
		{32133C47-2DCC-4654-9B64-393A12835D9E}.Release_vc110|Win32.Build.0 = Release_vc110|Win32
		{32133C47-2DCC-4654-9B64-393A12835D9E}.Release_vc90|Win32.ActiveCfg = Release_vc90|Win32
		{32133C47-2DCC-4654-9B64-393A12835D9E}.Release_vc90|Win32.Build.0 = Release_vc90|Win32
		{41D15513-1512-46DA-BAF2-D0ECC34849A2}.Debug_vc110|Win32.ActiveCfg = Debug_vc110|Win32
		{41D15513-1512-46DA-BAF2-D0ECC34849A2}.Debug_vc110|Win32.Build.0 = Debug_vc110|Win32
		{41D15513-1512-46DA-BAF2-D0ECC34849A2}.Debug_vc90|Win32.ActiveCfg = Debug_vc90|Win32
		{41D15513-1512-46DA-BAF2-D0ECC34849A2}.Debug_vc90|Win32.Build.0 = Debug_vc90|Win32
		{41D15513-1512-46DA-BAF2-D0ECC34849A2}.Release_vc110|Win32.ActiveCfg = Release_vc110|Win32
		{41D15513-1512-46DA-BAF2-D0ECC34849A2}.Release_vc110|Win32.Build.0 = Release_vc110|Win32
		{41D15513-1512-46DA-BAF2-D0ECC34849A2}.Release_vc90|Win32.ActiveCfg = Release_vc90|Win32
		{41D15513-1512-46DA-BAF2-D0ECC34849A2}.Release_vc90|Win32.Build.0 = Release_vc90|Win32
		{475FB8CE-740F-428B-8E5A-96F3EF657C78}.Debug_vc110|Win32.ActiveCfg = Debug_vc110|Win32
		{475FB8CE-740F-428B-8E5A-96F3EF657C78}.Debug_vc110|Win32.Build.0 = Debug_vc110|Win32
		{475FB8CE-740F-428B-8E5A-96F3EF657C78}.Debug_vc90|Win32.ActiveCfg = Debug_vc90|Win32
		{475FB8CE-740F-428B-8E5A-96F3EF657C78}.Debug_vc90|Win32.Build.0 = Debug_vc90|Win32
		{475FB8CE-740F-428B-8E5A-96F3EF657C78}.Release_vc110|Win32.ActiveCfg = Release_vc110|Win32
		{475FB8CE-740F-428B-8E5A-96F3EF657C78}.Release_vc110|Win32.Build.0 = Release_vc110|Win32
		{475FB8CE-740F-428B-8E5A-96F3EF657C78}.Release_vc90|Win32.ActiveCfg = Release_vc90|Win32
		{475FB8CE-740F-428B-8E5A-96F3EF657C78}.Release_vc90|Win32.Build.0 = Release_vc90|Win32
		{507E461C-AD31-4ADA-8AD0-04EB76424D7B}.Debug_vc110|Win32.ActiveCfg = Debug_vc110|Win32
		{507E461C-AD31-4ADA-8AD0-04EB76424D7B}.Debug_vc110|Win32.Build.0 = Debug_vc110|Win32
		{507E461C-AD31-4ADA-8AD0-04EB76424D7B}.Debug_vc90|Win32.ActiveCfg = Debug_vc90|Win32
		{507E461C-AD31-4ADA-8AD0-04EB76424D7B}.Debug_vc90|Win32.Build.0 = Debug_vc90|Win32
		{507E461C-AD31-4ADA-8AD0-04EB76424D7B}.Release_vc110|Win32.ActiveCfg = Release_vc110|Win32
		{507E461C-AD31-4ADA-8AD0-04EB76424D7B}.Release_vc110|Win32.Build.0 = Release_vc110|Win32
		{507E461C-AD31-4ADA-8AD0-04EB76424D7B}.Release_vc90|Win32.ActiveCfg = Release_vc90|Win32
		{507E461C-AD31-4ADA-8AD0-04EB76424D7B}.Release_vc90|Win32.Build.0 = Release_vc90|Win32
		{64DD4A09-EFE9-47D1-8BF0-A8FA226A13B0}.Debug_vc110|Win32.ActiveCfg = Debug_vc110|Win32
		{64DD4A09-EFE9-47D1-8BF0-A8FA226A13B0}.Debug_vc110|Win32.Build.0 = Debug_vc110|Win32
		{64DD4A09-EFE9-47D1-8BF0-A8FA226A13B0}.Debug_vc90|Win32.ActiveCfg = Debug_vc90|Win32
		{64DD4A09-EFE9-47D1-8BF0-A8FA226A13B0}.Debug_vc90|Win32.Build.0 = Debug_vc90|Win32
		{64DD4A09-EFE9-47D1-8BF0-A8FA226A13B0}.Release_vc110|Win32.ActiveCfg = Release_vc110|Win32
		{64DD4A09-EFE9-47D1-8BF0-A8FA226A13B0}.Release_vc110|Win32.Build.0 = Release_vc110|Win32
		{64DD4A09-EFE9-47D1-8BF0-A8FA226A13B0}.Release_vc90|Win32.ActiveCfg = Release_vc90|Win32
		{64DD4A09-EFE9-47D1-8BF0-A8FA226A13B0}.Release_vc90|Win32.Build.0 = Release_vc90|Win32
		{725C0A86-731A-4D80-87EB-492CF4AB7B3A}.Debug_vc110|Win32.ActiveCfg = Debug_vc110|Win32
		{725C0A86-731A-4D80-87EB-492CF4AB7B3A}.Debug_vc110|Win32.Build.0 = Debug_vc110|Win32
		{725C0A86-731A-4D80-87EB-492CF4AB7B3A}.Debug_vc90|Win32.ActiveCfg = Debug_vc90|Win32
		{725C0A86-731A-4D80-87EB-492CF4AB7B3A}.Debug_vc90|Win32.Build.0 = Debug_vc90|Win32
		{725C0A86-731A-4D80-87EB-492CF4AB7B3A}.Release_vc110|Win32.ActiveCfg = Release_vc110|Win32
		{725C0A86-731A-4D80-87EB-492CF4AB7B3A}.Release_vc110|Win32.Build.0 = Release_vc110|Win32
		{725C0A86-731A-4D80-87EB-492CF4AB7B3A}.Release_vc90|Win32.ActiveCfg = Release_vc90|Win32
		{725C0A86-731A-4D80-87EB-492CF4AB7B3A}.Release_vc90|Win32.Build.0 = Release_vc90|Win32
		{78B34B3E-910F-4176-8074-2ADF2CE3A841}.Debug_vc110|Win32.ActiveCfg = Debug_vc110|Win32
		{78B34B3E-910F-4176-8074-2ADF2CE3A841}.Debug_vc110|Win32.Build.0 = Debug_vc110|Win32
		{78B34B3E-910F-4176-8074-2ADF2CE3A841}.Debug_vc90|Win32.ActiveCfg = Debug_vc90|Win32
		{78B34B3E-910F-4176-8074-2ADF2CE3A841}.Debug_vc90|Win32.Build.0 = Debug_vc90|Win32
		{78B34B3E-910F-4176-8074-2ADF2CE3A841}.Release_vc110|Win32.ActiveCfg = Release_vc110|Win32
		{78B34B3E-910F-4176-8074-2ADF2CE3A841}.Release_vc110|Win32.Build.0 = Release_vc110|Win32
		{78B34B3E-910F-4176-8074-2ADF2CE3A841}.Release_vc90|Win32.ActiveCfg = Release_vc90|Win32
		{78B34B3E-910F-4176-8074-2ADF2CE3A841}.Release_vc90|Win32.Build.0 = Release_vc90|Win32
		{7D1F4AAB-EA62-4860-8F1C-C9217F5BCA2A}.Debug_vc110|Win32.ActiveCfg = Debug_vc110|Win32
		{7D1F4AAB-EA62-4860-8F1C-C9217F5BCA2A}.Debug_vc110|Win32.Build.0 = Debug_vc110|Win32
		{7D1F4AAB-EA62-4860-8F1C-C9217F5BCA2A}.Debug_vc90|Win32.ActiveCfg = Debug_vc90|Win32
		{7D1F4AAB-EA62-4860-8F1C-C9217F5BCA2A}.Debug_vc90|Win32.Build.0 = Debug_vc90|Win32
		{7D1F4AAB-EA62-4860-8F1C-C9217F5BCA2A}.Release_vc110|Win32.ActiveCfg = Release_vc110|Win32
		{7D1F4AAB-EA62-4860-8F1C-C9217F5BCA2A}.Release_vc110|Win32.Build.0 = Release_vc110|Win32
		{7D1F4AAB-EA62-4860-8F1C-C9217F5BCA2A}.Release_vc90|Win32.ActiveCfg = Release_vc90|Win32
		{7D1F4AAB-EA62-4860-8F1C-C9217F5BCA2A}.Release_vc90|Win32.Build.0 = Release_vc90|Win32
		{8339D35B-45EE-43DB-B790-E457D16A3EC3}.Debug_vc110|Win32.ActiveCfg = Debug_vc110|Win32
		{8339D35B-45EE-43DB-B790-E457D16A3EC3}.Debug_vc110|Win32.Build.0 = Debug_vc110|Win32
		{8339D35B-45EE-43DB-B790-E457D16A3EC3}.Debug_vc90|Win32.ActiveCfg = Debug_vc90|Win32
		{8339D35B-45EE-43DB-B790-E457D16A3EC3}.Debug_vc90|Win32.Build.0 = Debug_vc90|Win32
		{8339D35B-45EE-43DB-B790-E457D16A3EC3}.Release_vc110|Win32.ActiveCfg = Release_vc110|Win32
		{8339D35B-45EE-43DB-B790-E457D16A3EC3}.Release_vc110|Win32.Build.0 = Release_vc110|Win32
		{8339D35B-45EE-43DB-B790-E457D16A3EC3}.Release_vc90|Win32.ActiveCfg = Release_vc90|Win32
		{8339D35B-45EE-43DB-B790-E457D16A3EC3}.Release_vc90|Win32.Build.0 = Release_vc90|Win32
		{85142EBF-E20A-4D53-B391-DE25047EDBBE}.Debug_vc110|Win32.ActiveCfg = Debug_vc110|Win32
		{85142EBF-E20A-4D53-B391-DE25047EDBBE}.Debug_vc110|Win32.Build.0 = Debug_vc110|Win32
		{85142EBF-E20A-4D53-B391-DE25047EDBBE}.Debug_vc90|Win32.ActiveCfg = Debug_vc90|Win32
		{85142EBF-E20A-4D53-B391-DE25047EDBBE}.Debug_vc90|Win32.Build.0 = Debug_vc90|Win32
		{85142EBF-E20A-4D53-B391-DE25047EDBBE}.Release_vc110|Win32.ActiveCfg = Release_vc110|Win32
		{85142EBF-E20A-4D53-B391-DE25047EDBBE}.Release_vc110|Win32.Build.0 = Release_vc110|Win32
		{85142EBF-E20A-4D53-B391-DE25047EDBBE}.Release_vc90|Win32.ActiveCfg = Release_vc90|Win32
		{85142EBF-E20A-4D53-B391-DE25047EDBBE}.Release_vc90|Win32.Build.0 = Release_vc90|Win32
		{CE380FEF-3286-4F2B-9DF8-A2EF13E9110A}.Debug_vc110|Win32.ActiveCfg = Debug_vc110|Win32
		{CE380FEF-3286-4F2B-9DF8-A2EF13E9110A}.Debug_vc110|Win32.Build.0 = Debug_vc110|Win32
		{CE380FEF-3286-4F2B-9DF8-A2EF13E9110A}.Debug_vc90|Win32.ActiveCfg = Debug_vc90|Win32
		{CE380FEF-3286-4F2B-9DF8-A2EF13E9110A}.Debug_vc90|Win32.Build.0 = Debug_vc90|Win32
		{CE380FEF-3286-4F2B-9DF8-A2EF13E9110A}.Release_vc110|Win32.ActiveCfg = Release_vc110|Win32
		{CE380FEF-3286-4F2B-9DF8-A2EF13E9110A}.Release_vc110|Win32.Build.0 = Release_vc110|Win32
		{CE380FEF-3286-4F2B-9DF8-A2EF13E9110A}.Release_vc90|Win32.ActiveCfg = Release_vc90|Win32
		{CE380FEF-3286-4F2B-9DF8-A2EF13E9110A}.Release_vc90|Win32.Build.0 = Release_vc90|Win32
		{F27B48FA-CE21-4519-8437-10E9F9957981}.Debug_vc110|Win32.ActiveCfg = Debug_vc110|Win32
		{F27B48FA-CE21-4519-8437-10E9F9957981}.Debug_vc110|Win32.Build.0 = Debug_vc110|Win32
		{F27B48FA-CE21-4519-8437-10E9F9957981}.Debug_vc90|Win32.ActiveCfg = Debug_vc90|Win32
		{F27B48FA-CE21-4519-8437-10E9F9957981}.Debug_vc90|Win32.Build.0 = Debug_vc90|Win32
		{F27B48FA-CE21-4519-8437-10E9F9957981}.Release_vc110|Win32.ActiveCfg = Release_vc110|Win32
		{F27B48FA-CE21-4519-8437-10E9F9957981}.Release_vc110|Win32.Build.0 = Release_vc110|Win32
		{F27B48FA-CE21-4519-8437-10E9F9957981}.Release_vc90|Win32.ActiveCfg = Release_vc90|Win32
		{F27B48FA-CE21-4519-8437-10E9F9957981}.Release_vc90|Win32.Build.0 = Release_vc90|Win32
		{F61B301A-BA8A-4848-AF98-CF85373FA12E}.Debug_vc110|Win32.ActiveCfg = Debug_vc110|Win32
		{F61B301A-BA8A-4848-AF98-CF85373FA12E}.Debug_vc110|Win32.Build.0 = Debug_vc110|Win32
		{F61B301A-BA8A-4848-AF98-CF85373FA12E}.Debug_vc90|Win32.ActiveCfg = Debug_vc90|Win32
		{F61B301A-BA8A-4848-AF98-CF85373FA12E}.Debug_vc90|Win32.Build.0 = Debug_vc90|Win32
		{F61B301A-BA8A-4848-AF98-CF85373FA12E}.Release_vc110|Win32.ActiveCfg = Release_vc110|Win32
		{F61B301A-BA8A-4848-AF98-CF85373FA12E}.Release_vc110|Win32.Build.0 = Release_vc110|Win32
		{F61B301A-BA8A-4848-AF98-CF85373FA12E}.Release_vc90|Win32.ActiveCfg = Release_vc90|Win32
		{F61B301A-BA8A-4848-AF98-CF85373FA12E}.Release_vc90|Win32.Build.0 = Release_vc90|Win32
		{F967B5AC-C896-4423-A17A-3BA7E9117E41}.Debug_vc110|Win32.ActiveCfg = Debug_vc110|Win32
		{F967B5AC-C896-4423-A17A-3BA7E9117E41}.Debug_vc110|Win32.Build.0 = Debug_vc110|Win32
		{F967B5AC-C896-4423-A17A-3BA7E9117E41}.Debug_vc90|Win32.ActiveCfg = Debug_vc90|Win32
		{F967B5AC-C896-4423-A17A-3BA7E9117E41}.Debug_vc90|Win32.Build.0 = Debug_vc90|Win32
		{F967B5AC-C896-4423-A17A-3BA7E9117E41}.Release_vc110|Win32.ActiveCfg = Release_vc110|Win32
		{F967B5AC-C896-4423-A17A-3BA7E9117E41}.Release_vc110|Win32.Build.0 = Release_vc110|Win32
		{F967B5AC-C896-4423-A17A-3BA7E9117E41}.Release_vc90|Win32.ActiveCfg = Release_vc90|Win32
		{F967B5AC-C896-4423-A17A-3BA7E9117E41}.Release_vc90|Win32.Build.0 = Release_vc90|Win32
	EndGlobalSection
	GlobalSection(SolutionProperties) = preSolution
		HideSolutionNode = FALSE
	EndGlobalSection
	GlobalSection(NestedProjects) = preSolution
		{0F299AA9-FF7C-4B00-AA1F-EB7F83345F68} = {F2573F32-4636-4018-B94E-6C27CA5B96EA}
		{255CE1AE-823C-4FA9-B51E-A16612FBC541} = {75006D89-460D-4F00-AEB6-C4665E3BAE3C}
		{32133C47-2DCC-4654-9B64-393A12835D9E} = {8E76E15A-7B1F-4920-9C35-B803E016B281}
		{41D15513-1512-46DA-BAF2-D0ECC34849A2} = {8E76E15A-7B1F-4920-9C35-B803E016B281}
		{475FB8CE-740F-428B-8E5A-96F3EF657C78} = {8E76E15A-7B1F-4920-9C35-B803E016B281}
		{507E461C-AD31-4ADA-8AD0-04EB76424D7B} = {36447D71-3713-4528-8E4C-11243A00E11D}
		{725C0A86-731A-4D80-87EB-492CF4AB7B3A} = {EEC5DB4D-2BFB-4987-B94D-A5402548BABF}
		{75006D89-460D-4F00-AEB6-C4665E3BAE3C} = {3ABA3B5C-D87F-438F-9236-B72D7D79A6D2}
		{78B34B3E-910F-4176-8074-2ADF2CE3A841} = {8E76E15A-7B1F-4920-9C35-B803E016B281}
		{7D1F4AAB-EA62-4860-8F1C-C9217F5BCA2A} = {75006D89-460D-4F00-AEB6-C4665E3BAE3C}
		{8339D35B-45EE-43DB-B790-E457D16A3EC3} = {75006D89-460D-4F00-AEB6-C4665E3BAE3C}
		{85142EBF-E20A-4D53-B391-DE25047EDBBE} = {EEC5DB4D-2BFB-4987-B94D-A5402548BABF}
		{8E76E15A-7B1F-4920-9C35-B803E016B281} = {3ABA3B5C-D87F-438F-9236-B72D7D79A6D2}
		{CE380FEF-3286-4F2B-9DF8-A2EF13E9110A} = {F2573F32-4636-4018-B94E-6C27CA5B96EA}
		{F27B48FA-CE21-4519-8437-10E9F9957981} = {75006D89-460D-4F00-AEB6-C4665E3BAE3C}
		{F61B301A-BA8A-4848-AF98-CF85373FA12E} = {EEC5DB4D-2BFB-4987-B94D-A5402548BABF}
		{F967B5AC-C896-4423-A17A-3BA7E9117E41} = {F2573F32-4636-4018-B94E-6C27CA5B96EA}
	EndGlobalSection
EndGlobal
