
Microsoft Visual Studio Solution File, Format Version 12.00
# Visual Studio 2012
Project("{8BC9CEB8-8B4A-11D0-8D11-00A0C91BC942}") = "SiteParser", "SiteParser.vcxproj", "{D7AA2211-7450-4274-A99B-B523BA566C57}"
EndProject
Global
	GlobalSection(SolutionConfigurationPlatforms) = preSolution
		Debug|Win32 = Debug|Win32
		Release|Win32 = Release|Win32
	EndGlobalSection
	GlobalSection(ProjectConfigurationPlatforms) = postSolution
		{D7AA2211-7450-4274-A99B-B523BA566C57}.Debug|Win32.ActiveCfg = Debug|Win32
		{D7AA2211-7450-4274-A99B-B523BA566C57}.Debug|Win32.Build.0 = Debug|Win32
		{D7AA2211-7450-4274-A99B-B523BA566C57}.Release|Win32.ActiveCfg = Release|Win32
		{D7AA2211-7450-4274-A99B-B523BA566C57}.Release|Win32.Build.0 = Release|Win32
	EndGlobalSection
	GlobalSection(SolutionProperties) = preSolution
		HideSolutionNode = FALSE
	EndGlobalSection
EndGlobal
