
Microsoft Visual Studio Solution File, Format Version 10.00
# Visual Studio 2008
Project("{8BC9CEB8-8B4A-11D0-8D11-00A0C91BC942}") = "NetKernel", "NetKernel.vcproj", "{69B01C47-02E8-41E8-8FA1-2D5DF5B98B9A}"
EndProject
Global
	GlobalSection(SolutionConfigurationPlatforms) = preSolution
		Debug|Win32 = Debug|Win32
		Release|Win32 = Release|Win32
	EndGlobalSection
	GlobalSection(ProjectConfigurationPlatforms) = postSolution
		{69B01C47-02E8-41E8-8FA1-2D5DF5B98B9A}.Debug|Win32.ActiveCfg = Debug|Win32
		{69B01C47-02E8-41E8-8FA1-2D5DF5B98B9A}.Debug|Win32.Build.0 = Debug|Win32
		{69B01C47-02E8-41E8-8FA1-2D5DF5B98B9A}.Release|Win32.ActiveCfg = Release|Win32
		{69B01C47-02E8-41E8-8FA1-2D5DF5B98B9A}.Release|Win32.Build.0 = Release|Win32
	EndGlobalSection
	GlobalSection(SolutionProperties) = preSolution
		HideSolutionNode = FALSE
	EndGlobalSection
EndGlobal
