<?xml version="1.0" encoding="utf-8"?>
<Project ToolsVersion="4.0" xmlns="http://schemas.microsoft.com/developer/msbuild/2003">
  <ItemGroup>
    <Filter Include="Source Files">
      <UniqueIdentifier>{4FC737F1-C7A5-4376-A066-2A32D752A2FF}</UniqueIdentifier>
      <Extensions>cpp;c;cc;cxx;def;odl;idl;hpj;bat;asm;asmx</Extensions>
    </Filter>
    <Filter Include="Header Files">
      <UniqueIdentifier>{93995380-89BD-4b04-88EB-625FBE52EBFB}</UniqueIdentifier>
      <Extensions>h;hpp;hxx;hm;inl;inc;xsd</Extensions>
    </Filter>
    <Filter Include="Interfaces">
      <UniqueIdentifier>{2db1c2c1-cca8-49da-af38-e8e1d20b996a}</UniqueIdentifier>
    </Filter>
  </ItemGroup>
  <ItemGroup>
    <ClCompile Include=".\src\BaseJob.cpp">
      <Filter>Source Files</Filter>
    </ClCompile>
    <ClCompile Include=".\src\Exception.cpp">
      <Filter>Source Files</Filter>
    </ClCompile>
    <ClCompile Include=".\src\FileSystem.cpp">
      <Filter>Source Files</Filter>
    </ClCompile>
    <ClCompile Include=".\src\GUID.cpp">
      <Filter>Source Files</Filter>
    </ClCompile>
    <ClCompile Include=".\src\Log.cpp">
      <Filter>Source Files</Filter>
    </ClCompile>
    <ClCompile Include=".\src\PluginLoader.cpp">
      <Filter>Source Files</Filter>
    </ClCompile>
    <ClCompile Include=".\src\stdafx.cpp">
      <Filter>Source Files</Filter>
    </ClCompile>
    <ClCompile Include=".\src\Table.cpp">
      <Filter>Source Files</Filter>
    </ClCompile>
    <ClCompile Include="src\Conversion.cpp">
      <Filter>Source Files</Filter>
    </ClCompile>
  </ItemGroup>
  <ItemGroup>
    <ClInclude Include=".\inc\BaseJob.h">
      <Filter>Header Files</Filter>
    </ClInclude>
    <ClInclude Include=".\inc\BlockingQueue.h">
      <Filter>Header Files</Filter>
    </ClInclude>
    <ClInclude Include=".\inc\Config.h">
      <Filter>Header Files</Filter>
    </ClInclude>
    <ClInclude Include=".\inc\Constants.h">
      <Filter>Header Files</Filter>
    </ClInclude>
    <ClInclude Include=".\inc\Conversion.h">
      <Filter>Header Files</Filter>
    </ClInclude>
    <ClInclude Include=".\inc\Exception.h">
      <Filter>Header Files</Filter>
    </ClInclude>
    <ClInclude Include=".\inc\FileSystem.h">
      <Filter>Header Files</Filter>
    </ClInclude>
    <ClInclude Include=".\inc\GUID.h">
      <Filter>Header Files</Filter>
    </ClInclude>
    <ClInclude Include=".\inc\JobFactory.h">
      <Filter>Header Files</Filter>
    </ClInclude>
    <ClInclude Include=".\inc\Log.h">
      <Filter>Header Files</Filter>
    </ClInclude>
    <ClInclude Include=".\inc\PluginLoader.h">
      <Filter>Header Files</Filter>
    </ClInclude>
    <ClInclude Include=".\src\stdafx.h">
      <Filter>Header Files</Filter>
    </ClInclude>
    <ClInclude Include=".\inc\Table.h">
      <Filter>Header Files</Filter>
    </ClInclude>
    <ClInclude Include=".\inc\IKernel.h">
      <Filter>Interfaces</Filter>
    </ClInclude>
    <ClInclude Include=".\inc\ILog.h">
      <Filter>Interfaces</Filter>
    </ClInclude>
    <ClInclude Include=".\inc\IJob.h">
      <Filter>Interfaces</Filter>
    </ClInclude>
    <ClInclude Include="inc\ISettings.h">
      <Filter>Interfaces</Filter>
    </ClInclude>
  </ItemGroup>
</Project>